
Microsoft Visual Studio Solution File, Format Version 12.00
# Visual Studio Version 17
VisualStudioVersion = 17.1.32210.238
MinimumVisualStudioVersion = 10.0.40219.1
Project("{FAE04EC0-301F-11D3-BF4B-00C04F79EFBC}") = "School Info - Theodor Popov", "School Info - Theodor Popov\School Info - Theodor Popov.csproj", "{F638AB7D-2221-4774-B4B2-6A1E4D7189D3}"
EndProject
Global
	GlobalSection(SolutionConfigurationPlatforms) = preSolution
		Debug|Any CPU = Debug|Any CPU
		Release|Any CPU = Release|Any CPU
	EndGlobalSection
	GlobalSection(ProjectConfigurationPlatforms) = postSolution
		{F638AB7D-2221-4774-B4B2-6A1E4D7189D3}.Debug|Any CPU.ActiveCfg = Debug|Any CPU
		{F638AB7D-2221-4774-B4B2-6A1E4D7189D3}.Debug|Any CPU.Build.0 = Debug|Any CPU
		{F638AB7D-2221-4774-B4B2-6A1E4D7189D3}.Release|Any CPU.ActiveCfg = Release|Any CPU
		{F638AB7D-2221-4774-B4B2-6A1E4D7189D3}.Release|Any CPU.Build.0 = Release|Any CPU
	EndGlobalSection
	GlobalSection(SolutionProperties) = preSolution
		HideSolutionNode = FALSE
	EndGlobalSection
	GlobalSection(ExtensibilityGlobals) = postSolution
		SolutionGuid = {A9450410-8F34-48DE-A31C-D808CA605982}
	EndGlobalSection
EndGlobal
